
Microsoft Visual Studio Solution File, Format Version 12.00
# Visual Studio Version 17
VisualStudioVersion = 17.1.32328.378
MinimumVisualStudioVersion = 10.0.40219.1
Project("{FAE04EC0-301F-11D3-BF4B-00C04F79EFBC}") = "StatsParser", "StatsParser\StatsParser.csproj", "{4A7404A2-1B7C-4421-A528-46083B4F5C99}"
EndProject
Global
	GlobalSection(SolutionConfigurationPlatforms) = preSolution
		Debug|Any CPU = Debug|Any CPU
		Release|Any CPU = Release|Any CPU
	EndGlobalSection
	GlobalSection(ProjectConfigurationPlatforms) = postSolution
		{4A7404A2-1B7C-4421-A528-46083B4F5C99}.Debug|Any CPU.ActiveCfg = Debug|Any CPU
		{4A7404A2-1B7C-4421-A528-46083B4F5C99}.Debug|Any CPU.Build.0 = Debug|Any CPU
		{4A7404A2-1B7C-4421-A528-46083B4F5C99}.Release|Any CPU.ActiveCfg = Release|Any CPU
		{4A7404A2-1B7C-4421-A528-46083B4F5C99}.Release|Any CPU.Build.0 = Release|Any CPU
	EndGlobalSection
	GlobalSection(SolutionProperties) = preSolution
		HideSolutionNode = FALSE
	EndGlobalSection
	GlobalSection(ExtensibilityGlobals) = postSolution
		SolutionGuid = {F3ECB18C-148B-4E33-833D-841D142108CD}
	EndGlobalSection
EndGlobal
